
Microsoft Visual Studio Solution File, Format Version 12.00
# Visual Studio Version 16
VisualStudioVersion = 16.0.30002.166
MinimumVisualStudioVersion = 10.0.40219.1
Project("{FAE04EC0-301F-11D3-BF4B-00C04F79EFBC}") = "HelloWorldProj", "HelloWorldProj.csproj", "{4C3DCB87-50AF-47AA-B6F9-B671B4D0531F}"
EndProject
Global
	GlobalSection(SolutionConfigurationPlatforms) = preSolution
		Debug|Any CPU = Debug|Any CPU
		Release|Any CPU = Release|Any CPU
	EndGlobalSection
	GlobalSection(ProjectConfigurationPlatforms) = postSolution
		{4C3DCB87-50AF-47AA-B6F9-B671B4D0531F}.Debug|Any CPU.ActiveCfg = Debug|Any CPU
		{4C3DCB87-50AF-47AA-B6F9-B671B4D0531F}.Debug|Any CPU.Build.0 = Debug|Any CPU
		{4C3DCB87-50AF-47AA-B6F9-B671B4D0531F}.Release|Any CPU.ActiveCfg = Release|Any CPU
		{4C3DCB87-50AF-47AA-B6F9-B671B4D0531F}.Release|Any CPU.Build.0 = Release|Any CPU
	EndGlobalSection
	GlobalSection(SolutionProperties) = preSolution
		HideSolutionNode = FALSE
	EndGlobalSection
	GlobalSection(ExtensibilityGlobals) = postSolution
		SolutionGuid = {F685B4B2-4B46-46CF-9258-3CDBB936E13B}
	EndGlobalSection
EndGlobal
